
Microsoft Visual Studio Solution File, Format Version 12.00
# Visual Studio 15
VisualStudioVersion = 15.0.28307.421
MinimumVisualStudioVersion = 10.0.40219.1
Project("{9A19103F-16F7-4668-BE54-9A1E7A4F7556}") = "Lab01", "Lab01\Lab01.csproj", "{CA9F6082-D522-44CC-B8D1-A7D5C9F4903D}"
EndProject
Project("{9A19103F-16F7-4668-BE54-9A1E7A4F7556}") = "AccountingTests", "AccountingTests\AccountingTests.csproj", "{BB1AB2C5-9A1C-44D5-9BF4-218A76FCC5D0}"
EndProject
Project("{9A19103F-16F7-4668-BE54-9A1E7A4F7556}") = "AccountingRefactor", "AccountingRefactor\AccountingRefactor.csproj", "{ABC4E046-FA0F-4CA3-8CEA-3E9EEAAB59B7}"
EndProject
Project("{FAE04EC0-301F-11D3-BF4B-00C04F79EFBC}") = "Lab02", "Lab02\Lab02.csproj", "{1F33B191-1066-4C4E-B931-D40B42FDA930}"
EndProject
Global
	GlobalSection(SolutionConfigurationPlatforms) = preSolution
		Debug|Any CPU = Debug|Any CPU
		Release|Any CPU = Release|Any CPU
	EndGlobalSection
	GlobalSection(ProjectConfigurationPlatforms) = postSolution
		{CA9F6082-D522-44CC-B8D1-A7D5C9F4903D}.Debug|Any CPU.ActiveCfg = Debug|Any CPU
		{CA9F6082-D522-44CC-B8D1-A7D5C9F4903D}.Debug|Any CPU.Build.0 = Debug|Any CPU
		{CA9F6082-D522-44CC-B8D1-A7D5C9F4903D}.Release|Any CPU.ActiveCfg = Release|Any CPU
		{CA9F6082-D522-44CC-B8D1-A7D5C9F4903D}.Release|Any CPU.Build.0 = Release|Any CPU
		{BB1AB2C5-9A1C-44D5-9BF4-218A76FCC5D0}.Debug|Any CPU.ActiveCfg = Debug|Any CPU
		{BB1AB2C5-9A1C-44D5-9BF4-218A76FCC5D0}.Debug|Any CPU.Build.0 = Debug|Any CPU
		{BB1AB2C5-9A1C-44D5-9BF4-218A76FCC5D0}.Release|Any CPU.ActiveCfg = Release|Any CPU
		{BB1AB2C5-9A1C-44D5-9BF4-218A76FCC5D0}.Release|Any CPU.Build.0 = Release|Any CPU
		{ABC4E046-FA0F-4CA3-8CEA-3E9EEAAB59B7}.Debug|Any CPU.ActiveCfg = Debug|Any CPU
		{ABC4E046-FA0F-4CA3-8CEA-3E9EEAAB59B7}.Debug|Any CPU.Build.0 = Debug|Any CPU
		{ABC4E046-FA0F-4CA3-8CEA-3E9EEAAB59B7}.Release|Any CPU.ActiveCfg = Release|Any CPU
		{ABC4E046-FA0F-4CA3-8CEA-3E9EEAAB59B7}.Release|Any CPU.Build.0 = Release|Any CPU
		{1F33B191-1066-4C4E-B931-D40B42FDA930}.Debug|Any CPU.ActiveCfg = Debug|Any CPU
		{1F33B191-1066-4C4E-B931-D40B42FDA930}.Debug|Any CPU.Build.0 = Debug|Any CPU
		{1F33B191-1066-4C4E-B931-D40B42FDA930}.Release|Any CPU.ActiveCfg = Release|Any CPU
		{1F33B191-1066-4C4E-B931-D40B42FDA930}.Release|Any CPU.Build.0 = Release|Any CPU
	EndGlobalSection
	GlobalSection(SolutionProperties) = preSolution
		HideSolutionNode = FALSE
	EndGlobalSection
	GlobalSection(ExtensibilityGlobals) = postSolution
		SolutionGuid = {99ACD53F-70CC-424D-A987-BBCA02629BF6}
	EndGlobalSection
EndGlobal
